Microsoft Visual Studio Solution File, Format Version 12.00
# Visual Studio Version 17
VisualStudioVersion = 17.5.2.0
MinimumVisualStudioVersion = 10.0.40219.1
Project("{2150E333-8FDC-42A3-9474-1A3956D46DE8}") = "server-dotnet", "server-dotnet", "{10356BCD-8AD0-80F4-A67B-87DC80DBC047}"
EndProject
Project("{2150E333-8FDC-42A3-9474-1A3956D46DE8}") = "client", "client", "{2CB42F12-E813-91B3-7D11-3220E40BEF4A}"
EndProject
Project("{FAE04EC0-301F-11D3-BF4B-00C04F79EFBC}") = "SessionCryptoServer", "server-dotnet\SessionCryptoServer.csproj", "{9C96C315-F785-E572-E838-E1EDBAB0B19D}"
EndProject
Project("{2150E333-8FDC-42A3-9474-1A3956D46DE8}") = "dotnet", "dotnet", "{B151C7B0-4231-025F-7289-F81D063589C3}"
EndProject
Project("{FAE04EC0-301F-11D3-BF4B-00C04F79EFBC}") = "SessionCryptoClient", "client\dotnet\SessionCryptoClient\SessionCryptoClient.csproj", "{D82E27AC-CA24-B2E1-0ED6-A617A86E5D4E}"
EndProject
Global
	GlobalSection(SolutionConfigurationPlatforms) = preSolution
		Debug|Any CPU = Debug|Any CPU
		Release|Any CPU = Release|Any CPU
	EndGlobalSection
	GlobalSection(ProjectConfigurationPlatforms) = postSolution
		{9C96C315-F785-E572-E838-E1EDBAB0B19D}.Debug|Any CPU.ActiveCfg = Debug|Any CPU
		{9C96C315-F785-E572-E838-E1EDBAB0B19D}.Debug|Any CPU.Build.0 = Debug|Any CPU
		{9C96C315-F785-E572-E838-E1EDBAB0B19D}.Release|Any CPU.ActiveCfg = Release|Any CPU
		{9C96C315-F785-E572-E838-E1EDBAB0B19D}.Release|Any CPU.Build.0 = Release|Any CPU
		{D82E27AC-CA24-B2E1-0ED6-A617A86E5D4E}.Debug|Any CPU.ActiveCfg = Debug|Any CPU
		{D82E27AC-CA24-B2E1-0ED6-A617A86E5D4E}.Debug|Any CPU.Build.0 = Debug|Any CPU
		{D82E27AC-CA24-B2E1-0ED6-A617A86E5D4E}.Release|Any CPU.ActiveCfg = Release|Any CPU
		{D82E27AC-CA24-B2E1-0ED6-A617A86E5D4E}.Release|Any CPU.Build.0 = Release|Any CPU
	EndGlobalSection
	GlobalSection(SolutionProperties) = preSolution
		HideSolutionNode = FALSE
	EndGlobalSection
	GlobalSection(NestedProjects) = preSolution
		{9C96C315-F785-E572-E838-E1EDBAB0B19D} = {10356BCD-8AD0-80F4-A67B-87DC80DBC047}
		{B151C7B0-4231-025F-7289-F81D063589C3} = {2CB42F12-E813-91B3-7D11-3220E40BEF4A}
		{D82E27AC-CA24-B2E1-0ED6-A617A86E5D4E} = {B151C7B0-4231-025F-7289-F81D063589C3}
	EndGlobalSection
	GlobalSection(ExtensibilityGlobals) = postSolution
		SolutionGuid = {CEA7983E-6790-4ECE-8EF7-C4492E9A9883}
	EndGlobalSection
EndGlobal
